{
  "name": "feedgen",
  "lockfileVersion": 3,
  "requires": true,
  "packages": {
    "": {
      "dependencies": {
        "@atcute/oauth-browser-client": "^1.0.9",
        "@atproto/oauth-client-browser": "^0.3.7"
      }
    },
    "node_modules/@atcute/client": {
      "version": "2.0.7",
      "resolved": "https://registry.npmjs.org/@atcute/client/-/client-2.0.7.tgz",
      "integrity": "sha512-bvNahrCGvhZw/EIx0HU/GOoKZEnUaAppbuZh7cu+VsOFA2tdFLnZJed9Hagh5Yz/eUX7QUh5NB4dRTRUdggSLQ==",
      "license": "MIT"
    },
    "node_modules/@atcute/oauth-browser-client": {
      "version": "1.0.9",
      "resolved": "https://registry.npmjs.org/@atcute/oauth-browser-client/-/oauth-browser-client-1.0.9.tgz",
      "integrity": "sha512-7B4cBm9x/S6gtBgxPktCT6GY8GUze6XlCGUASqppU+bh6x5Z3QtfpPCg4jpd+bagzCdqpgb4VNhmCLcVqoO++g==",
      "license": "MIT",
      "dependencies": {
        "@atcute/client": "^2.0.6"
      }
    },
    "node_modules/@atproto-labs/did-resolver": {
      "version": "0.1.8",
      "resolved": "https://registry.npmjs.org/@atproto-labs/did-resolver/-/did-resolver-0.1.8.tgz",
      "integrity": "sha512-wcbBTu0YsAUCzvKHTuk90ax4+gwj8wlPFY+rR96O7/rtSVjx4xz06Fdri0amAzSoupUeZ7swcZVKDqHD8KB8HA==",
      "license": "MIT",
      "dependencies": {
        "@atproto-labs/fetch": "0.2.0",
        "@atproto-labs/pipe": "0.1.0",
        "@atproto-labs/simple-store": "0.1.1",
        "@atproto-labs/simple-store-memory": "0.1.1",
        "@atproto/did": "0.1.3",
        "zod": "^3.23.8"
      }
    },
    "node_modules/@atproto-labs/fetch": {
      "version": "0.2.0",
      "resolved": "https://registry.npmjs.org/@atproto-labs/fetch/-/fetch-0.2.0.tgz",
      "integrity": "sha512-RD8grUzZdQaC+1GwObz6rZ7MKraS77Z72uZNvcqUzQEBc2oF7fTW6BtkI0csJMFkW+qWKlR3YQlZxsZQ4x6H3g==",
      "license": "MIT",
      "dependencies": {
        "@atproto-labs/pipe": "0.1.0"
      },
      "optionalDependencies": {
        "zod": "^3.23.8"
      }
    },
    "node_modules/@atproto-labs/handle-resolver": {
      "version": "0.1.5",
      "resolved": "https://registry.npmjs.org/@atproto-labs/handle-resolver/-/handle-resolver-0.1.5.tgz",
      "integrity": "sha512-3Uv5DUswmiUWn0oO3XML7T6RiM8aq+A4lACBRRasegsr6fytxATJE38UiwDmDRWdXxhftnPlmTWfJ2oZ/pqDWQ==",
      "license": "MIT",
      "dependencies": {
        "@atproto-labs/simple-store": "0.1.1",
        "@atproto-labs/simple-store-memory": "0.1.1",
        "@atproto/did": "0.1.3",
        "zod": "^3.23.8"
      }
    },
    "node_modules/@atproto-labs/identity-resolver": {
      "version": "0.1.10",
      "resolved": "https://registry.npmjs.org/@atproto-labs/identity-resolver/-/identity-resolver-0.1.10.tgz",
      "integrity": "sha512-V8cwLikQJrrIubZcbS3phiw3FZ4JleZ43EOyGq2pVBRsQgynSIB/tzTTw8UNuKPeqR/iK1CBjevnQJ4ENOr5AQ==",
      "license": "MIT",
      "dependencies": {
        "@atproto-labs/did-resolver": "0.1.8",
        "@atproto-labs/handle-resolver": "0.1.5",
        "@atproto/syntax": "0.3.1"
      }
    },
    "node_modules/@atproto-labs/pipe": {
      "version": "0.1.0",
      "resolved": "https://registry.npmjs.org/@atproto-labs/pipe/-/pipe-0.1.0.tgz",
      "integrity": "sha512-ghOqHFyJlQVFPESzlVHjKroP0tPzbmG5Jms0dNI9yLDEfL8xp4OFPWLX4f6T8mRq69wWs4nIDM3sSsFbFqLa1w==",
      "license": "MIT"
    },
    "node_modules/@atproto-labs/simple-store": {
      "version": "0.1.1",
      "resolved": "https://registry.npmjs.org/@atproto-labs/simple-store/-/simple-store-0.1.1.tgz",
      "integrity": "sha512-WKILW2b3QbAYKh+w5U2x6p5FqqLl0nAeLwGeDY+KjX01K4Dq3vQTR9b/qNp0jZm48CabPQVrqCv0PPU9LgRRRg==",
      "license": "MIT"
    },
    "node_modules/@atproto-labs/simple-store-memory": {
      "version": "0.1.1",
      "resolved": "https://registry.npmjs.org/@atproto-labs/simple-store-memory/-/simple-store-memory-0.1.1.tgz",
      "integrity": "sha512-PCRqhnZ8NBNBvLku53O56T0lsVOtclfIrQU/rwLCc4+p45/SBPrRYNBi6YFq5rxZbK6Njos9MCmILV/KLQxrWA==",
      "license": "MIT",
      "dependencies": {
        "@atproto-labs/simple-store": "0.1.1",
        "lru-cache": "^10.2.0"
      }
    },
    "node_modules/@atproto/common-web": {
      "version": "0.3.2",
      "resolved": "https://registry.npmjs.org/@atproto/common-web/-/common-web-0.3.2.tgz",
      "integrity": "sha512-Vx0JtL1/CssJbFAb0UOdvTrkbUautsDfHNOXNTcX2vyPIxH9xOameSqLLunM1hZnOQbJwyjmQCt6TV+bhnanDg==",
      "license": "MIT",
      "dependencies": {
        "graphemer": "^1.4.0",
        "multiformats": "^9.9.0",
        "uint8arrays": "3.0.0",
        "zod": "^3.23.8"
      }
    },
    "node_modules/@atproto/did": {
      "version": "0.1.3",
      "resolved": "https://registry.npmjs.org/@atproto/did/-/did-0.1.3.tgz",
      "integrity": "sha512-ULD8Gw/KRRwLFZ2Z2L4DjmdOMrg8IYYlcjdSc+GQ2/QJSVnD2zaJJVTLd3vls121wGt/583rNaiZTT2DpBze4w==",
      "license": "MIT",
      "dependencies": {
        "zod": "^3.23.8"
      }
    },
    "node_modules/@atproto/jwk": {
      "version": "0.1.2",
      "resolved": "https://registry.npmjs.org/@atproto/jwk/-/jwk-0.1.2.tgz",
      "integrity": "sha512-VTQOPaXevW42PQNUD6xJSa6BSjJKKz2DmJqaBP1TkCnLQSr1iU04yyvBSPijQpvWaZWnPnn06NQiorsv7INX6Q==",
      "license": "MIT",
      "dependencies": {
        "multiformats": "^9.9.0",
        "zod": "^3.23.8"
      }
    },
    "node_modules/@atproto/jwk-jose": {
      "version": "0.1.3",
      "resolved": "https://registry.npmjs.org/@atproto/jwk-jose/-/jwk-jose-0.1.3.tgz",
      "integrity": "sha512-kPlX9n+WrSx1nzPODxeXncDZ5MqWOaneo+8zNCufIgHdzkDgrGmw8GraUmXZMxmsUthnx52B7vVMUapM2hHetw==",
      "license": "MIT",
      "dependencies": {
        "@atproto/jwk": "0.1.2",
        "jose": "^5.2.0"
      }
    },
    "node_modules/@atproto/jwk-webcrypto": {
      "version": "0.1.3",
      "resolved": "https://registry.npmjs.org/@atproto/jwk-webcrypto/-/jwk-webcrypto-0.1.3.tgz",
      "integrity": "sha512-32gngFZSa0lK/31ttlY+BNrNh6BkCLA3voa7KHdN0r1YMfqFzTPX+RMAOQeBTK7FY9Z0SC65l0+6tSId24TgoQ==",
      "license": "MIT",
      "dependencies": {
        "@atproto/jwk": "0.1.2",
        "@atproto/jwk-jose": "0.1.3",
        "zod": "^3.23.8"
      }
    },
    "node_modules/@atproto/lexicon": {
      "version": "0.4.5",
      "resolved": "https://registry.npmjs.org/@atproto/lexicon/-/lexicon-0.4.5.tgz",
      "integrity": "sha512-fljWqMGKn+XWtTprBcS3F1hGBREnQYh6qYHv2sjENucc7REms1gtmZXSerB9N6pVeHVNOnXiILdukeAcic5OEw==",
      "license": "MIT",
      "dependencies": {
        "@atproto/common-web": "^0.3.2",
        "@atproto/syntax": "^0.3.1",
        "iso-datestring-validator": "^2.2.2",
        "multiformats": "^9.9.0",
        "zod": "^3.23.8"
      }
    },
    "node_modules/@atproto/oauth-client": {
      "version": "0.3.7",
      "resolved": "https://registry.npmjs.org/@atproto/oauth-client/-/oauth-client-0.3.7.tgz",
      "integrity": "sha512-CXikk9FwkL8sEATHZlAEM3qsIjIT8wkh9EShXceEgS3f4BSAbSpnGvYjiV2wdrykSVmbMWH1wynl6T/aeHQJEg==",
      "license": "MIT",
      "dependencies": {
        "@atproto-labs/did-resolver": "0.1.8",
        "@atproto-labs/fetch": "0.2.0",
        "@atproto-labs/handle-resolver": "0.1.5",
        "@atproto-labs/identity-resolver": "0.1.10",
        "@atproto-labs/simple-store": "0.1.1",
        "@atproto-labs/simple-store-memory": "0.1.1",
        "@atproto/did": "0.1.3",
        "@atproto/jwk": "0.1.2",
        "@atproto/oauth-types": "0.2.2",
        "@atproto/xrpc": "0.6.6",
        "multiformats": "^9.9.0",
        "zod": "^3.23.8"
      }
    },
    "node_modules/@atproto/oauth-client-browser": {
      "version": "0.3.7",
      "resolved": "https://registry.npmjs.org/@atproto/oauth-client-browser/-/oauth-client-browser-0.3.7.tgz",
      "integrity": "sha512-u+deTYhoyFiOwaQFhgyonK4BITpTK3phgS+226/NsxYX+eLYzGGLQ3VOhNQIfcSyI3/aDV6nObvZdk2Kfc8z2A==",
      "license": "MIT",
      "dependencies": {
        "@atproto-labs/did-resolver": "0.1.8",
        "@atproto-labs/handle-resolver": "0.1.5",
        "@atproto-labs/simple-store": "0.1.1",
        "@atproto/did": "0.1.3",
        "@atproto/jwk": "0.1.2",
        "@atproto/jwk-webcrypto": "0.1.3",
        "@atproto/oauth-client": "0.3.7",
        "@atproto/oauth-types": "0.2.2"
      }
    },
    "node_modules/@atproto/oauth-types": {
      "version": "0.2.2",
      "resolved": "https://registry.npmjs.org/@atproto/oauth-types/-/oauth-types-0.2.2.tgz",
      "integrity": "sha512-UMTfJwKD/mIZEXxVT02XWYMtRJAu4iytxhlScH48Q/40nOa6oV4wUFij0gnV4NAQkjHMaYh39ChRMjjKHeypJA==",
      "license": "MIT",
      "dependencies": {
        "@atproto/jwk": "0.1.2",
        "zod": "^3.23.8"
      }
    },
    "node_modules/@atproto/syntax": {
      "version": "0.3.1",
      "resolved": "https://registry.npmjs.org/@atproto/syntax/-/syntax-0.3.1.tgz",
      "integrity": "sha512-fzW0Mg1QUOVCWUD3RgEsDt6d1OZ6DdFmbKcDdbzUfh0t4rhtRAC05KbZYmxuMPWDAiJ4BbbQ5dkAc/mNypMXkw==",
      "license": "MIT"
    },
    "node_modules/@atproto/xrpc": {
      "version": "0.6.6",
      "resolved": "https://registry.npmjs.org/@atproto/xrpc/-/xrpc-0.6.6.tgz",
      "integrity": "sha512-umXEYVMo9/pyIBoKmIAIi64RXDW9tSXY+wqztlQ6I2GZtjLfNZqmAWU+wADk3SxUe54mvjxxGyA4TtyGtDMfhA==",
      "license": "MIT",
      "dependencies": {
        "@atproto/lexicon": "^0.4.5",
        "zod": "^3.23.8"
      }
    },
    "node_modules/graphemer": {
      "version": "1.4.0",
      "resolved": "https://registry.npmjs.org/graphemer/-/graphemer-1.4.0.tgz",
      "integrity": "sha512-EtKwoO6kxCL9WO5xipiHTZlSzBm7WLT627TqC/uVRd0HKmq8NXyebnNYxDoBi7wt8eTWrUrKXCOVaFq9x1kgag==",
      "license": "MIT"
    },
    "node_modules/iso-datestring-validator": {
      "version": "2.2.2",
      "resolved": "https://registry.npmjs.org/iso-datestring-validator/-/iso-datestring-validator-2.2.2.tgz",
      "integrity": "sha512-yLEMkBbLZTlVQqOnQ4FiMujR6T4DEcCb1xizmvXS+OxuhwcbtynoosRzdMA69zZCShCNAbi+gJ71FxZBBXx1SA==",
      "license": "MIT"
    },
    "node_modules/jose": {
      "version": "5.9.6",
      "resolved": "https://registry.npmjs.org/jose/-/jose-5.9.6.tgz",
      "integrity": "sha512-AMlnetc9+CV9asI19zHmrgS/WYsWUwCn2R7RzlbJWD7F9eWYUTGyBmU9o6PxngtLGOiDGPRu+Uc4fhKzbpteZQ==",
      "license": "MIT",
      "funding": {
        "url": "https://github.com/sponsors/panva"
      }
    },
    "node_modules/lru-cache": {
      "version": "10.4.3",
      "resolved": "https://registry.npmjs.org/lru-cache/-/lru-cache-10.4.3.tgz",
      "integrity": "sha512-JNAzZcXrCt42VGLuYz0zfAzDfAvJWW6AfYlDBQyDV5DClI2m5sAmK+OIO7s59XfsRsWHp02jAJrRadPRGTt6SQ==",
      "license": "ISC"
    },
    "node_modules/multiformats": {
      "version": "9.9.0",
      "resolved": "https://registry.npmjs.org/multiformats/-/multiformats-9.9.0.tgz",
      "integrity": "sha512-HoMUjhH9T8DDBNT+6xzkrd9ga/XiBI4xLr58LJACwK6G3HTOPeMz4nB4KJs33L2BelrIJa7P0VuNaVF3hMYfjg==",
      "license": "(Apache-2.0 AND MIT)"
    },
    "node_modules/uint8arrays": {
      "version": "3.0.0",
      "resolved": "https://registry.npmjs.org/uint8arrays/-/uint8arrays-3.0.0.tgz",
      "integrity": "sha512-HRCx0q6O9Bfbp+HHSfQQKD7wU70+lydKVt4EghkdOvlK/NlrF90z+eXV34mUd48rNvVJXwkrMSPpCATkct8fJA==",
      "license": "MIT",
      "dependencies": {
        "multiformats": "^9.4.2"
      }
    },
    "node_modules/zod": {
      "version": "3.24.1",
      "resolved": "https://registry.npmjs.org/zod/-/zod-3.24.1.tgz",
      "integrity": "sha512-muH7gBL9sI1nciMZV67X5fTKKBLtwpZ5VBp1vsOQzj1MhrBZ4wlVCm3gedKZWLp0Oyel8sIGfeiz54Su+OVT+A==",
      "license": "MIT",
      "funding": {
        "url": "https://github.com/sponsors/colinhacks"
      }
    }
  }
}
